# THIS IS AN AUTOGENERATED FILE. DO NOT EDIT THIS FILE DIRECTLY.
# yarn lockfile v1


ip-range-check@^0.0.2:
  version "0.0.2"
  resolved "https://registry.yarnpkg.com/ip-range-check/-/ip-range-check-0.0.2.tgz#605c859687aa4f18463918d46190d8b3699a293c"
  integrity sha1-YFyFloeqTxhGORjUYZDYs2maKTw=
  dependencies:
    ipaddr.js "^1.0.1"

ipaddr.js@^1.0.1:
  version "1.9.0"
  resolved "https://registry.yarnpkg.com/ipaddr.js/-/ipaddr.js-1.9.0.tgz#37df74e430a0e47550fe54a2defe30d8acd95f65"
  integrity sha512-M4Sjn6N/+O6/IXSJseKqHoFc+5FdGJ22sXqnjTpdZweHK64MzEPAyQZyEU3R/KRv2GLoa7nNtg/C2Ev6m7z+eA==

split-lines@^2.0.0:
  version "2.0.0"
  resolved "https://registry.yarnpkg.com/split-lines/-/split-lines-2.0.0.tgz#13f42cdf8cf0d3f5d3fed797b80986168c06defc"
  integrity sha512-gaIdhbqxkB5/VflPXsJwZvEzh/kdwiRPF9iqpkxX4us+lzB8INedFwjCyo6vwuz5x2Ddlnav2zh270CEjCG8mA==
